{
  "name": "gnochess-ws-server",
  "lockfileVersion": 3,
  "requires": true,
  "packages": {
    "": {
      "name": "gnochess-ws-server",
      "dependencies": {
        "uuid": "^9.0.1"
      },
      "devDependencies": {
        "@types/uuid": "^9.0.4",
        "bun-types": "^1.0.3"
      },
      "peerDependencies": {
        "typescript": "^5.0.0"
      }
    },
    "node_modules/@types/uuid": {
      "version": "9.0.4",
      "resolved": "https://registry.npmjs.org/@types/uuid/-/uuid-9.0.4.tgz",
      "integrity": "sha512-zAuJWQflfx6dYJM62vna+Sn5aeSWhh3OB+wfUEACNcqUSc0AGc5JKl+ycL1vrH7frGTXhJchYjE1Hak8L819dA==",
      "dev": true
    },
    "node_modules/bun-types": {
      "version": "1.0.3",
      "dev": true
    },
    "node_modules/typescript": {
      "version": "5.2.2",
      "resolved": "https://registry.npmjs.org/typescript/-/typescript-5.2.2.tgz",
      "integrity": "sha512-mI4WrpHsbCIcwT9cF4FZvr80QUeKvsUsUvKDoR+X/7XHQH98xYD8YHZg7ANtz2GtZt/CBq2QJ0thkGJMHfqc1w==",
      "peer": true,
      "bin": {
        "tsc": "bin/tsc",
        "tsserver": "bin/tsserver"
      },
      "engines": {
        "node": ">=14.17"
      }
    },
    "node_modules/uuid": {
      "version": "9.0.1",
      "funding": [
        "https://github.com/sponsors/broofa",
        "https://github.com/sponsors/ctavan"
      ],
      "license": "MIT",
      "bin": {
        "uuid": "dist/bin/uuid"
      }
    }
  }
}
